// !$*UTF8*$!
{
	archiveVersion = 1;
	classes = {
	};
	objectVersion = 55;
	objects = {

/* Begin PBXBuildFile section */
		CA8A192C2858CED400844688 /* AppDelegate.swift in Sources */ = {isa = PBXBuildFile; fileRef = CA8A192B2858CED400844688 /* AppDelegate.swift */; };
		CA8A192E2858CED400844688 /* SceneDelegate.swift in Sources */ = {isa = PBXBuildFile; fileRef = CA8A192D2858CED400844688 /* SceneDelegate.swift */; };
		CA8A19332858CED400844688 /* Main.storyboard in Resources */ = {isa = PBXBuildFile; fileRef = CA8A19312858CED400844688 /* Main.storyboard */; };
		CA8A19352858CED400844688 /* Assets.xcassets in Resources */ = {isa = PBXBuildFile; fileRef = CA8A19342858CED400844688 /* Assets.xcassets */; };
		CA8A19382858CED400844688 /* LaunchScreen.storyboard in Resources */ = {isa = PBXBuildFile; fileRef = CA8A19362858CED400844688 /* LaunchScreen.storyboard */; };
		CA8A19452858D13600844688 /* FirebaseAuth in Frameworks */ = {isa = PBXBuildFile; productRef = CA8A19442858D13600844688 /* FirebaseAuth */; };
		CA8A19472858D13600844688 /* FirebaseDatabase in Frameworks */ = {isa = PBXBuildFile; productRef = CA8A19462858D13600844688 /* FirebaseDatabase */; };
		CA8A19492858D60000844688 /* GoogleService-Info.plist in Resources */ = {isa = PBXBuildFile; fileRef = CA8A19482858D60000844688 /* GoogleService-Info.plist */; };
		CA8A194B2858D85500844688 /* User.swift in Sources */ = {isa = PBXBuildFile; fileRef = CA8A194A2858D85500844688 /* User.swift */; };
		CA8A194D2858D85900844688 /* Models.swift in Sources */ = {isa = PBXBuildFile; fileRef = CA8A194C2858D85900844688 /* Models.swift */; };
		CA8A19532858D87B00844688 /* FirstVC.swift in Sources */ = {isa = PBXBuildFile; fileRef = CA8A194E2858D87B00844688 /* FirstVC.swift */; };
		CA8A19542858D87B00844688 /* LoginVC.swift in Sources */ = {isa = PBXBuildFile; fileRef = CA8A194F2858D87B00844688 /* LoginVC.swift */; };
		CA8A19552858D87B00844688 /* MapVC.swift in Sources */ = {isa = PBXBuildFile; fileRef = CA8A19502858D87B00844688 /* MapVC.swift */; };
		CA8A19562858D87B00844688 /* PostTVC.swift in Sources */ = {isa = PBXBuildFile; fileRef = CA8A19512858D87B00844688 /* PostTVC.swift */; };
		CA8A19572858D87B00844688 /* PostAndComents in Resources */ = {isa = PBXBuildFile; fileRef = CA8A19522858D87B00844688 /* PostAndComents */; };
/* End PBXBuildFile section */

/* Begin PBXFileReference section */
		CA8A19282858CED400844688 /* Test FP Number 4.app */ = {isa = PBXFileReference; explicitFileType = wrapper.application; includeInIndex = 0; path = "Test FP Number 4.app"; sourceTree = BUILT_PRODUCTS_DIR; };
		CA8A192B2858CED400844688 /* AppDelegate.swift */ = {isa = PBXFileReference; lastKnownFileType = sourcecode.swift; path = AppDelegate.swift; sourceTree = "<group>"; };
		CA8A192D2858CED400844688 /* SceneDelegate.swift */ = {isa = PBXFileReference; lastKnownFileType = sourcecode.swift; path = SceneDelegate.swift; sourceTree = "<group>"; };
		CA8A19322858CED400844688 /* Base */ = {isa = PBXFileReference; lastKnownFileType = file.storyboard; name = Base; path = Base.lproj/Main.storyboard; sourceTree = "<group>"; };
		CA8A19342858CED400844688 /* Assets.xcassets */ = {isa = PBXFileReference; lastKnownFileType = folder.assetcatalog; path = Assets.xcassets; sourceTree = "<group>"; };
		CA8A19372858CED400844688 /* Base */ = {isa = PBXFileReference; lastKnownFileType = file.storyboard; name = Base; path = Base.lproj/LaunchScreen.storyboard; sourceTree = "<group>"; };
		CA8A19392858CED400844688 /* Info.plist */ = {isa = PBXFileReference; lastKnownFileType = text.plist.xml; path = Info.plist; sourceTree = "<group>"; };
		CA8A19482858D60000844688 /* GoogleService-Info.plist */ = {isa = PBXFileReference; fileEncoding = 4; lastKnownFileType = text.plist.xml; path = "GoogleService-Info.plist"; sourceTree = "<group>"; };
		CA8A194A2858D85500844688 /* User.swift */ = {isa = PBXFileReference; fileEncoding = 4; lastKnownFileType = sourcecode.swift; path = User.swift; sourceTree = "<group>"; };
		CA8A194C2858D85900844688 /* Models.swift */ = {isa = PBXFileReference; fileEncoding = 4; lastKnownFileType = sourcecode.swift; path = Models.swift; sourceTree = "<group>"; };
		CA8A194E2858D87B00844688 /* FirstVC.swift */ = {isa = PBXFileReference; fileEncoding = 4; lastKnownFileType = sourcecode.swift; path = FirstVC.swift; sourceTree = "<group>"; };
		CA8A194F2858D87B00844688 /* LoginVC.swift */ = {isa = PBXFileReference; fileEncoding = 4; lastKnownFileType = sourcecode.swift; path = LoginVC.swift; sourceTree = "<group>"; };
		CA8A19502858D87B00844688 /* MapVC.swift */ = {isa = PBXFileReference; fileEncoding = 4; lastKnownFileType = sourcecode.swift; path = MapVC.swift; sourceTree = "<group>"; };
		CA8A19512858D87B00844688 /* PostTVC.swift */ = {isa = PBXFileReference; fileEncoding = 4; lastKnownFileType = sourcecode.swift; path = PostTVC.swift; sourceTree = "<group>"; };
		CA8A19522858D87B00844688 /* PostAndComents */ = {isa = PBXFileReference; lastKnownFileType = folder; path = PostAndComents; sourceTree = "<group>"; };
/* End PBXFileReference section */

/* Begin PBXFrameworksBuildPhase section */
		CA8A19252858CED400844688 /* Frameworks */ = {
			isa = PBXFrameworksBuildPhase;
			buildActionMask = 2147483647;
			files = (
				CA8A19472858D13600844688 /* FirebaseDatabase in Frameworks */,
				CA8A19452858D13600844688 /* FirebaseAuth in Frameworks */,
			);
			runOnlyForDeploymentPostprocessing = 0;
		};
/* End PBXFrameworksBuildPhase section */

/* Begin PBXGroup section */
		CA8A191F2858CED300844688 = {
			isa = PBXGroup;
			children = (
				CA8A192A2858CED400844688 /* Test FP Number 4 */,
				CA8A19292858CED400844688 /* Products */,
			);
			sourceTree = "<group>";
		};
		CA8A19292858CED400844688 /* Products */ = {
			isa = PBXGroup;
			children = (
				CA8A19282858CED400844688 /* Test FP Number 4.app */,
			);
			name = Products;
			sourceTree = "<group>";
		};
		CA8A192A2858CED400844688 /* Test FP Number 4 */ = {
			isa = PBXGroup;
			children = (
				CA8A19422858CF2B00844688 /* Models */,
				CA8A19402858CEF000844688 /* Views */,
				CA8A19412858CF0600844688 /* Controllers */,
				CA8A193F2858CEE400844688 /* App */,
				CA8A19342858CED400844688 /* Assets.xcassets */,
				CA8A19392858CED400844688 /* Info.plist */,
				CA8A19482858D60000844688 /* GoogleService-Info.plist */,
			);
			path = "Test FP Number 4";
			sourceTree = "<group>";
		};
		CA8A193F2858CEE400844688 /* App */ = {
			isa = PBXGroup;
			children = (
				CA8A192B2858CED400844688 /* AppDelegate.swift */,
				CA8A192D2858CED400844688 /* SceneDelegate.swift */,
			);
			path = App;
			sourceTree = "<group>";
		};
		CA8A19402858CEF000844688 /* Views */ = {
			isa = PBXGroup;
			children = (
				CA8A19362858CED400844688 /* LaunchScreen.storyboard */,
				CA8A19312858CED400844688 /* Main.storyboard */,
			);
			path = Views;
			sourceTree = "<group>";
		};
		CA8A19412858CF0600844688 /* Controllers */ = {
			isa = PBXGroup;
			children = (
				CA8A19522858D87B00844688 /* PostAndComents */,
				CA8A194E2858D87B00844688 /* FirstVC.swift */,
				CA8A194F2858D87B00844688 /* LoginVC.swift */,
				CA8A19502858D87B00844688 /* MapVC.swift */,
				CA8A19512858D87B00844688 /* PostTVC.swift */,
			);
			path = Controllers;
			sourceTree = "<group>";
		};
		CA8A19422858CF2B00844688 /* Models */ = {
			isa = PBXGroup;
			children = (
				CA8A194A2858D85500844688 /* User.swift */,
				CA8A194C2858D85900844688 /* Models.swift */,
			);
			path = Models;
			sourceTree = "<group>";
		};
/* End PBXGroup section */

/* Begin PBXNativeTarget section */
		CA8A19272858CED400844688 /* Test FP Number 4 */ = {
			isa = PBXNativeTarget;
			buildConfigurationList = CA8A193C2858CED400844688 /* Build configuration list for PBXNativeTarget "Test FP Number 4" */;
			buildPhases = (
				CA8A19242858CED400844688 /* Sources */,
				CA8A19252858CED400844688 /* Frameworks */,
				CA8A19262858CED400844688 /* Resources */,
			);
			buildRules = (
			);
			dependencies = (
			);
			name = "Test FP Number 4";
			packageProductDependencies = (
				CA8A19442858D13600844688 /* FirebaseAuth */,
				CA8A19462858D13600844688 /* FirebaseDatabase */,
			);
			productName = "Test FP Number 4";
			productReference = CA8A19282858CED400844688 /* Test FP Number 4.app */;
			productType = "com.apple.product-type.application";
		};
/* End PBXNativeTarget section */

/* Begin PBXProject section */
		CA8A19202858CED300844688 /* Project object */ = {
			isa = PBXProject;
			attributes = {
				BuildIndependentTargetsInParallel = 1;
				LastSwiftUpdateCheck = 1340;
				LastUpgradeCheck = 1340;
				TargetAttributes = {
					CA8A19272858CED400844688 = {
						CreatedOnToolsVersion = 13.4.1;
					};
				};
			};
			buildConfigurationList = CA8A19232858CED300844688 /* Build configuration list for PBXProject "Test FP Number 4" */;
			compatibilityVersion = "Xcode 13.0";
			developmentRegion = en;
			hasScannedForEncodings = 0;
			knownRegions = (
				en,
				Base,
			);
			mainGroup = CA8A191F2858CED300844688;
			packageReferences = (
				CA8A19432858D13600844688 /* XCRemoteSwiftPackageReference "firebase-ios-sdk" */,
			);
			productRefGroup = CA8A19292858CED400844688 /* Products */;
			projectDirPath = "";
			projectRoot = "";
			targets = (
				CA8A19272858CED400844688 /* Test FP Number 4 */,
			);
		};
/* End PBXProject section */

/* Begin PBXResourcesBuildPhase section */
		CA8A19262858CED400844688 /* Resources */ = {
			isa = PBXResourcesBuildPhase;
			buildActionMask = 2147483647;
			files = (
				CA8A19382858CED400844688 /* LaunchScreen.storyboard in Resources */,
				CA8A19492858D60000844688 /* GoogleService-Info.plist in Resources */,
				CA8A19352858CED400844688 /* Assets.xcassets in Resources */,
				CA8A19332858CED400844688 /* Main.storyboard in Resources */,
				CA8A19572858D87B00844688 /* PostAndComents in Resources */,
			);
			runOnlyForDeploymentPostprocessing = 0;
		};
/* End PBXResourcesBuildPhase section */

/* Begin PBXSourcesBuildPhase section */
		CA8A19242858CED400844688 /* Sources */ = {
			isa = PBXSourcesBuildPhase;
			buildActionMask = 2147483647;
			files = (
				CA8A192C2858CED400844688 /* AppDelegate.swift in Sources */,
				CA8A192E2858CED400844688 /* SceneDelegate.swift in Sources */,
				CA8A19542858D87B00844688 /* LoginVC.swift in Sources */,
				CA8A19562858D87B00844688 /* PostTVC.swift in Sources */,
				CA8A194B2858D85500844688 /* User.swift in Sources */,
				CA8A19552858D87B00844688 /* MapVC.swift in Sources */,
				CA8A19532858D87B00844688 /* FirstVC.swift in Sources */,
				CA8A194D2858D85900844688 /* Models.swift in Sources */,
			);
			runOnlyForDeploymentPostprocessing = 0;
		};
/* End PBXSourcesBuildPhase section */

/* Begin PBXVariantGroup section */
		CA8A19312858CED400844688 /* Main.storyboard */ = {
			isa = PBXVariantGroup;
			children = (
				CA8A19322858CED400844688 /* Base */,
			);
			name = Main.storyboard;
			sourceTree = "<group>";
		};
		CA8A19362858CED400844688 /* LaunchScreen.storyboard */ = {
			isa = PBXVariantGroup;
			children = (
				CA8A19372858CED400844688 /* Base */,
			);
			name = LaunchScreen.storyboard;
			sourceTree = "<group>";
		};
/* End PBXVariantGroup section */

/* Begin XCBuildConfiguration section */
		CA8A193A2858CED400844688 /* Debug */ = {
			isa = XCBuildConfiguration;
			buildSettings = {
				ALWAYS_SEARCH_USER_PATHS = NO;
				CLANG_ANALYZER_NONNULL = YES;
				CLANG_ANALYZER_NUMBER_OBJECT_CONVERSION = YES_AGGRESSIVE;
				CLANG_CXX_LANGUAGE_STANDARD = "gnu++17";
				CLANG_ENABLE_MODULES = YES;
				CLANG_ENABLE_OBJC_ARC = YES;
				CLANG_ENABLE_OBJC_WEAK = YES;
				CLANG_WARN_BLOCK_CAPTURE_AUTORELEASING = YES;
				CLANG_WARN_BOOL_CONVERSION = YES;
				CLANG_WARN_COMMA = YES;
				CLANG_WARN_CONSTANT_CONVERSION = YES;
				CLANG_WARN_DEPRECATED_OBJC_IMPLEMENTATIONS = YES;
				CLANG_WARN_DIRECT_OBJC_ISA_USAGE = YES_ERROR;
				CLANG_WARN_DOCUMENTATION_COMMENTS = YES;
				CLANG_WARN_EMPTY_BODY = YES;
				CLANG_WARN_ENUM_CONVERSION = YES;
				CLANG_WARN_INFINITE_RECURSION = YES;
				CLANG_WARN_INT_CONVERSION = YES;
				CLANG_WARN_NON_LITERAL_NULL_CONVERSION = YES;
				CLANG_WARN_OBJC_IMPLICIT_RETAIN_SELF = YES;
				CLANG_WARN_OBJC_LITERAL_CONVERSION = YES;
				CLANG_WARN_OBJC_ROOT_CLASS = YES_ERROR;
				CLANG_WARN_QUOTED_INCLUDE_IN_FRAMEWORK_HEADER = YES;
				CLANG_WARN_RANGE_LOOP_ANALYSIS = YES;
				CLANG_WARN_STRICT_PROTOTYPES = YES;
				CLANG_WARN_SUSPICIOUS_MOVE = YES;
				CLANG_WARN_UNGUARDED_AVAILABILITY = YES_AGGRESSIVE;
				CLANG_WARN_UNREACHABLE_CODE = YES;
				CLANG_WARN__DUPLICATE_METHOD_MATCH = YES;
				COPY_PHASE_STRIP = NO;
				DEBUG_INFORMATION_FORMAT = dwarf;
				ENABLE_STRICT_OBJC_MSGSEND = YES;
				ENABLE_TESTABILITY = YES;
				GCC_C_LANGUAGE_STANDARD = gnu11;
				GCC_DYNAMIC_NO_PIC = NO;
				GCC_NO_COMMON_BLOCKS = YES;
				GCC_OPTIMIZATION_LEVEL = 0;
				GCC_PREPROCESSOR_DEFINITIONS = (
					"DEBUG=1",
					"$(inherited)",
				);
				GCC_WARN_64_TO_32_BIT_CONVERSION = YES;
				GCC_WARN_ABOUT_RETURN_TYPE = YES_ERROR;
				GCC_WARN_UNDECLARED_SELECTOR = YES;
				GCC_WARN_UNINITIALIZED_AUTOS = YES_AGGRESSIVE;
				GCC_WARN_UNUSED_FUNCTION = YES;
				GCC_WARN_UNUSED_VARIABLE = YES;
				IPHONEOS_DEPLOYMENT_TARGET = 15.5;
				MTL_ENABLE_DEBUG_INFO = INCLUDE_SOURCE;
				MTL_FAST_MATH = YES;
				ONLY_ACTIVE_ARCH = YES;
				SDKROOT = iphoneos;
				SWIFT_ACTIVE_COMPILATION_CONDITIONS = DEBUG;
				SWIFT_OPTIMIZATION_LEVEL = "-Onone";
			};
			name = Debug;
		};
		CA8A193B2858CED400844688 /* Release */ = {
			isa = XCBuildConfiguration;
			buildSettings = {
				ALWAYS_SEARCH_USER_PATHS = NO;
				CLANG_ANALYZER_NONNULL = YES;
				CLANG_ANALYZER_NUMBER_OBJECT_CONVERSION = YES_AGGRESSIVE;
				CLANG_CXX_LANGUAGE_STANDARD = "gnu++17";
				CLANG_ENABLE_MODULES = YES;
				CLANG_ENABLE_OBJC_ARC = YES;
				CLANG_ENABLE_OBJC_WEAK = YES;
				CLANG_WARN_BLOCK_CAPTURE_AUTORELEASING = YES;
				CLANG_WARN_BOOL_CONVERSION = YES;
				CLANG_WARN_COMMA = YES;
				CLANG_WARN_CONSTANT_CONVERSION = YES;
				CLANG_WARN_DEPRECATED_OBJC_IMPLEMENTATIONS = YES;
				CLANG_WARN_DIRECT_OBJC_ISA_USAGE = YES_ERROR;
				CLANG_WARN_DOCUMENTATION_COMMENTS = YES;
				CLANG_WARN_EMPTY_BODY = YES;
				CLANG_WARN_ENUM_CONVERSION = YES;
				CLANG_WARN_INFINITE_RECURSION = YES;
				CLANG_WARN_INT_CONVERSION = YES;
				CLANG_WARN_NON_LITERAL_NULL_CONVERSION = YES;
				CLANG_WARN_OBJC_IMPLICIT_RETAIN_SELF = YES;
				CLANG_WARN_OBJC_LITERAL_CONVERSION = YES;
				CLANG_WARN_OBJC_ROOT_CLASS = YES_ERROR;
				CLANG_WARN_QUOTED_INCLUDE_IN_FRAMEWORK_HEADER = YES;
				CLANG_WARN_RANGE_LOOP_ANALYSIS = YES;
				CLANG_WARN_STRICT_PROTOTYPES = YES;
				CLANG_WARN_SUSPICIOUS_MOVE = YES;
				CLANG_WARN_UNGUARDED_AVAILABILITY = YES_AGGRESSIVE;
				CLANG_WARN_UNREACHABLE_CODE = YES;
				CLANG_WARN__DUPLICATE_METHOD_MATCH = YES;
				COPY_PHASE_STRIP = NO;
				DEBUG_INFORMATION_FORMAT = "dwarf-with-dsym";
				ENABLE_NS_ASSERTIONS = NO;
				ENABLE_STRICT_OBJC_MSGSEND = YES;
				GCC_C_LANGUAGE_STANDARD = gnu11;
				GCC_NO_COMMON_BLOCKS = YES;
				GCC_WARN_64_TO_32_BIT_CONVERSION = YES;
				GCC_WARN_ABOUT_RETURN_TYPE = YES_ERROR;
				GCC_WARN_UNDECLARED_SELECTOR = YES;
				GCC_WARN_UNINITIALIZED_AUTOS = YES_AGGRESSIVE;
				GCC_WARN_UNUSED_FUNCTION = YES;
				GCC_WARN_UNUSED_VARIABLE = YES;
				IPHONEOS_DEPLOYMENT_TARGET = 15.5;
				MTL_ENABLE_DEBUG_INFO = NO;
				MTL_FAST_MATH = YES;
				SDKROOT = iphoneos;
				SWIFT_COMPILATION_MODE = wholemodule;
				SWIFT_OPTIMIZATION_LEVEL = "-O";
				VALIDATE_PRODUCT = YES;
			};
			name = Release;
		};
		CA8A193D2858CED400844688 /* Debug */ = {
			isa = XCBuildConfiguration;
			buildSettings = {
				ASSETCATALOG_COMPILER_APPICON_NAME = AppIcon;
				ASSETCATALOG_COMPILER_GLOBAL_ACCENT_COLOR_NAME = AccentColor;
				CODE_SIGN_STYLE = Automatic;
				CURRENT_PROJECT_VERSION = 1;
				DEVELOPMENT_TEAM = VY6BU9F56X;
				GENERATE_INFOPLIST_FILE = YES;
				INFOPLIST_FILE = "Test FP Number 4/Info.plist";
				INFOPLIST_KEY_UIApplicationSupportsIndirectInputEvents = YES;
				INFOPLIST_KEY_UILaunchStoryboardName = LaunchScreen;
				INFOPLIST_KEY_UIMainStoryboardFile = Main;
				INFOPLIST_KEY_UISupportedInterfaceOrientations_iPad = "UIInterfaceOrientationPortrait UIInterfaceOrientationPortraitUpsideDown UIInterfaceOrientationLandscapeLeft UIInterfaceOrientationLandscapeRight";
				INFOPLIST_KEY_UISupportedInterfaceOrientations_iPhone = "UIInterfaceOrientationPortrait UIInterfaceOrientationLandscapeLeft UIInterfaceOrientationLandscapeRight";
				LD_RUNPATH_SEARCH_PATHS = (
					"$(inherited)",
					"@executable_path/Frameworks",
				);
				MARKETING_VERSION = 1.0;
				PRODUCT_BUNDLE_IDENTIFIER = "white-wolf.Test-FP-Number-4";
				PRODUCT_NAME = "$(TARGET_NAME)";
				SWIFT_EMIT_LOC_STRINGS = YES;
				SWIFT_VERSION = 5.0;
				TARGETED_DEVICE_FAMILY = "1,2";
			};
			name = Debug;
		};
		CA8A193E2858CED400844688 /* Release */ = {
			isa = XCBuildConfiguration;
			buildSettings = {
				ASSETCATALOG_COMPILER_APPICON_NAME = AppIcon;
				ASSETCATALOG_COMPILER_GLOBAL_ACCENT_COLOR_NAME = AccentColor;
				CODE_SIGN_STYLE = Automatic;
				CURRENT_PROJECT_VERSION = 1;
				DEVELOPMENT_TEAM = VY6BU9F56X;
				GENERATE_INFOPLIST_FILE = YES;
				INFOPLIST_FILE = "Test FP Number 4/Info.plist";
				INFOPLIST_KEY_UIApplicationSupportsIndirectInputEvents = YES;
				INFOPLIST_KEY_UILaunchStoryboardName = LaunchScreen;
				INFOPLIST_KEY_UIMainStoryboardFile = Main;
				INFOPLIST_KEY_UISupportedInterfaceOrientations_iPad = "UIInterfaceOrientationPortrait UIInterfaceOrientationPortraitUpsideDown UIInterfaceOrientationLandscapeLeft UIInterfaceOrientationLandscapeRight";
				INFOPLIST_KEY_UISupportedInterfaceOrientations_iPhone = "UIInterfaceOrientationPortrait UIInterfaceOrientationLandscapeLeft UIInterfaceOrientationLandscapeRight";
				LD_RUNPATH_SEARCH_PATHS = (
					"$(inherited)",
					"@executable_path/Frameworks",
				);
				MARKETING_VERSION = 1.0;
				PRODUCT_BUNDLE_IDENTIFIER = "white-wolf.Test-FP-Number-4";
				PRODUCT_NAME = "$(TARGET_NAME)";
				SWIFT_EMIT_LOC_STRINGS = YES;
				SWIFT_VERSION = 5.0;
				TARGETED_DEVICE_FAMILY = "1,2";
			};
			name = Release;
		};
/* End XCBuildConfiguration section */

/* Begin XCConfigurationList section */
		CA8A19232858CED300844688 /* Build configuration list for PBXProject "Test FP Number 4" */ = {
			isa = XCConfigurationList;
			buildConfigurations = (
				CA8A193A2858CED400844688 /* Debug */,
				CA8A193B2858CED400844688 /* Release */,
			);
			defaultConfigurationIsVisible = 0;
			defaultConfigurationName = Release;
		};
		CA8A193C2858CED400844688 /* Build configuration list for PBXNativeTarget "Test FP Number 4" */ = {
			isa = XCConfigurationList;
			buildConfigurations = (
				CA8A193D2858CED400844688 /* Debug */,
				CA8A193E2858CED400844688 /* Release */,
			);
			defaultConfigurationIsVisible = 0;
			defaultConfigurationName = Release;
		};
/* End XCConfigurationList section */

/* Begin XCRemoteSwiftPackageReference section */
		CA8A19432858D13600844688 /* XCRemoteSwiftPackageReference "firebase-ios-sdk" */ = {
			isa = XCRemoteSwiftPackageReference;
			repositoryURL = "https://github.com/firebase/firebase-ios-sdk";
			requirement = {
				kind = upToNextMajorVersion;
				minimumVersion = 9.0.0;
			};
		};
/* End XCRemoteSwiftPackageReference section */

/* Begin XCSwiftPackageProductDependency section */
		CA8A19442858D13600844688 /* FirebaseAuth */ = {
			isa = XCSwiftPackageProductDependency;
			package = CA8A19432858D13600844688 /* XCRemoteSwiftPackageReference "firebase-ios-sdk" */;
			productName = FirebaseAuth;
		};
		CA8A19462858D13600844688 /* FirebaseDatabase */ = {
			isa = XCSwiftPackageProductDependency;
			package = CA8A19432858D13600844688 /* XCRemoteSwiftPackageReference "firebase-ios-sdk" */;
			productName = FirebaseDatabase;
		};
/* End XCSwiftPackageProductDependency section */
	};
	rootObject = CA8A19202858CED300844688 /* Project object */;
}
